
Microsoft Visual Studio Solution File, Format Version 12.00
# Visual Studio Version 17
VisualStudioVersion = 17.11.35208.52
MinimumVisualStudioVersion = 10.0.40219.1
Project("{FAE04EC0-301F-11D3-BF4B-00C04F79EFBC}") = "Vistas", "Grupo23_GestorPolideportivo\Vistas.csproj", "{68152251-6D27-4BFB-A0E5-396CF41F8031}"
EndProject
Project("{FAE04EC0-301F-11D3-BF4B-00C04F79EFBC}") = "Modelos", "Modelos\Modelos.csproj", "{386CF6D9-1E99-438C-BF09-2A0166B52D66}"
EndProject
Project("{FAE04EC0-301F-11D3-BF4B-00C04F79EFBC}") = "Controladores", "Controladores\Controladores.csproj", "{CB943304-4BA2-43EA-9150-B87E9EB76281}"
EndProject
Global
	GlobalSection(SolutionConfigurationPlatforms) = preSolution
		Debug|Any CPU = Debug|Any CPU
		Release|Any CPU = Release|Any CPU
	EndGlobalSection
	GlobalSection(ProjectConfigurationPlatforms) = postSolution
		{68152251-6D27-4BFB-A0E5-396CF41F8031}.Debug|Any CPU.ActiveCfg = Debug|Any CPU
		{68152251-6D27-4BFB-A0E5-396CF41F8031}.Debug|Any CPU.Build.0 = Debug|Any CPU
		{68152251-6D27-4BFB-A0E5-396CF41F8031}.Release|Any CPU.ActiveCfg = Release|Any CPU
		{68152251-6D27-4BFB-A0E5-396CF41F8031}.Release|Any CPU.Build.0 = Release|Any CPU
		{386CF6D9-1E99-438C-BF09-2A0166B52D66}.Debug|Any CPU.ActiveCfg = Debug|Any CPU
		{386CF6D9-1E99-438C-BF09-2A0166B52D66}.Debug|Any CPU.Build.0 = Debug|Any CPU
		{386CF6D9-1E99-438C-BF09-2A0166B52D66}.Release|Any CPU.ActiveCfg = Release|Any CPU
		{386CF6D9-1E99-438C-BF09-2A0166B52D66}.Release|Any CPU.Build.0 = Release|Any CPU
		{CB943304-4BA2-43EA-9150-B87E9EB76281}.Debug|Any CPU.ActiveCfg = Debug|Any CPU
		{CB943304-4BA2-43EA-9150-B87E9EB76281}.Debug|Any CPU.Build.0 = Debug|Any CPU
		{CB943304-4BA2-43EA-9150-B87E9EB76281}.Release|Any CPU.ActiveCfg = Release|Any CPU
		{CB943304-4BA2-43EA-9150-B87E9EB76281}.Release|Any CPU.Build.0 = Release|Any CPU
	EndGlobalSection
	GlobalSection(SolutionProperties) = preSolution
		HideSolutionNode = FALSE
	EndGlobalSection
	GlobalSection(ExtensibilityGlobals) = postSolution
		SolutionGuid = {11B90EA4-6B3F-4F16-ADB4-75CF48690108}
	EndGlobalSection
EndGlobal
